// !$*UTF8*$!
{
	archiveVersion = 1;
	classes = {
	};
	objectVersion = 46;
	objects = {

/* Begin PBXBuildFile section */
		8F68F6DB1C60ED4600549A21 /* main.cpp in Sources */ = {isa = PBXBuildFile; fileRef = 8F68F6DA1C60ED4600549A21 /* main.cpp */; };
		8F68F6EB1C61F82A00549A21 /* KiwiDspSignal.cpp in Sources */ = {isa = PBXBuildFile; fileRef = 8F68F6EA1C61F82A00549A21 /* KiwiDspSignal.cpp */; };
/* End PBXBuildFile section */

/* Begin PBXCopyFilesBuildPhase section */
		8F68F6D51C60ED4600549A21 /* CopyFiles */ = {
			isa = PBXCopyFilesBuildPhase;
			buildActionMask = 2147483647;
			dstPath = /usr/share/man/man1/;
			dstSubfolderSpec = 0;
			files = (
			);
			runOnlyForDeploymentPostprocessing = 1;
		};
/* End PBXCopyFilesBuildPhase section */

/* Begin PBXFileReference section */
		8F68F6D71C60ED4600549A21 /* KiwiDspTest */ = {isa = PBXFileReference; explicitFileType = "compiled.mach-o.executable"; includeInIndex = 0; path = KiwiDspTest; sourceTree = BUILT_PRODUCTS_DIR; };
		8F68F6DA1C60ED4600549A21 /* main.cpp */ = {isa = PBXFileReference; lastKnownFileType = sourcecode.cpp.cpp; path = main.cpp; sourceTree = "<group>"; };
		8F68F6E21C60ED7D00549A21 /* KiwiChain.hpp */ = {isa = PBXFileReference; lastKnownFileType = sourcecode.cpp.h; name = KiwiChain.hpp; path = ../../../../Modules/KiwiDsp/KiwiChain.hpp; sourceTree = "<group>"; };
		8F68F6E31C60ED7D00549A21 /* KiwiDsp.hpp */ = {isa = PBXFileReference; lastKnownFileType = sourcecode.cpp.h; name = KiwiDsp.hpp; path = ../../../../Modules/KiwiDsp/KiwiDsp.hpp; sourceTree = "<group>"; };
		8F68F6E41C60ED7D00549A21 /* KiwiFft.hpp */ = {isa = PBXFileReference; lastKnownFileType = sourcecode.cpp.h; name = KiwiFft.hpp; path = ../../../../Modules/KiwiDsp/KiwiFft.hpp; sourceTree = "<group>"; };
		8F68F6E51C60ED7D00549A21 /* KiwiLink.hpp */ = {isa = PBXFileReference; lastKnownFileType = sourcecode.cpp.h; name = KiwiLink.hpp; path = ../../../../Modules/KiwiDsp/KiwiLink.hpp; sourceTree = "<group>"; };
		8F68F6E61C60ED7D00549A21 /* KiwiDspMisc.hpp */ = {isa = PBXFileReference; lastKnownFileType = sourcecode.cpp.h; name = KiwiDspMisc.hpp; path = ../../../../Modules/KiwiDsp/KiwiDspMisc.hpp; sourceTree = "<group>"; };
		8F68F6E71C60ED7D00549A21 /* KiwiProcessor.hpp */ = {isa = PBXFileReference; lastKnownFileType = sourcecode.cpp.h; name = KiwiProcessor.hpp; path = ../../../../Modules/KiwiDsp/KiwiProcessor.hpp; sourceTree = "<group>"; };
		8F68F6E81C60ED7D00549A21 /* KiwiDspSignal.hpp */ = {isa = PBXFileReference; lastKnownFileType = sourcecode.cpp.h; name = KiwiDspSignal.hpp; path = ../../../../Modules/KiwiDsp/KiwiDspSignal.hpp; sourceTree = "<group>"; };
		8F68F6E91C60ED7D00549A21 /* KiwiDspSamples.hpp */ = {isa = PBXFileReference; lastKnownFileType = sourcecode.cpp.h; name = KiwiDspSamples.hpp; path = ../../../../Modules/KiwiDsp/KiwiDspSamples.hpp; sourceTree = "<group>"; };
		8F68F6EA1C61F82A00549A21 /* KiwiDspSignal.cpp */ = {isa = PBXFileReference; fileEncoding = 4; lastKnownFileType = sourcecode.cpp.cpp; name = KiwiDspSignal.cpp; path = ../../../../Modules/KiwiDsp/KiwiDspSignal.cpp; sourceTree = "<group>"; };
/* End PBXFileReference section */

/* Begin PBXFrameworksBuildPhase section */
		8F68F6D41C60ED4600549A21 /* Frameworks */ = {
			isa = PBXFrameworksBuildPhase;
			buildActionMask = 2147483647;
			files = (
			);
			runOnlyForDeploymentPostprocessing = 0;
		};
/* End PBXFrameworksBuildPhase section */

/* Begin PBXGroup section */
		8F68F6CE1C60ED4600549A21 = {
			isa = PBXGroup;
			children = (
				8F68F6D91C60ED4600549A21 /* KiwiDspTest */,
				8F68F6D81C60ED4600549A21 /* Products */,
			);
			sourceTree = "<group>";
		};
		8F68F6D81C60ED4600549A21 /* Products */ = {
			isa = PBXGroup;
			children = (
				8F68F6D71C60ED4600549A21 /* KiwiDspTest */,
			);
			name = Products;
			sourceTree = "<group>";
		};
		8F68F6D91C60ED4600549A21 /* KiwiDspTest */ = {
			isa = PBXGroup;
			children = (
				8F68F6DA1C60ED4600549A21 /* main.cpp */,
				8F68F6E11C60ED7000549A21 /* KiwiDsp */,
			);
			path = KiwiDspTest;
			sourceTree = "<group>";
		};
		8F68F6E11C60ED7000549A21 /* KiwiDsp */ = {
			isa = PBXGroup;
			children = (
				8F68F6E21C60ED7D00549A21 /* KiwiChain.hpp */,
				8F68F6E31C60ED7D00549A21 /* KiwiDsp.hpp */,
				8F68F6E41C60ED7D00549A21 /* KiwiFft.hpp */,
				8F68F6E51C60ED7D00549A21 /* KiwiLink.hpp */,
				8F68F6E71C60ED7D00549A21 /* KiwiProcessor.hpp */,
				8F68F6EA1C61F82A00549A21 /* KiwiDspSignal.cpp */,
				8F68F6E81C60ED7D00549A21 /* KiwiDspSignal.hpp */,
				8F68F6E91C60ED7D00549A21 /* KiwiDspSamples.hpp */,
				8F68F6E61C60ED7D00549A21 /* KiwiDspMisc.hpp */,
			);
			name = KiwiDsp;
			sourceTree = "<group>";
		};
/* End PBXGroup section */

/* Begin PBXNativeTarget section */
		8F68F6D61C60ED4600549A21 /* KiwiDspTest */ = {
			isa = PBXNativeTarget;
			buildConfigurationList = 8F68F6DE1C60ED4600549A21 /* Build configuration list for PBXNativeTarget "KiwiDspTest" */;
			buildPhases = (
				8F68F6D31C60ED4600549A21 /* Sources */,
				8F68F6D41C60ED4600549A21 /* Frameworks */,
				8F68F6D51C60ED4600549A21 /* CopyFiles */,
			);
			buildRules = (
			);
			dependencies = (
			);
			name = KiwiDspTest;
			productName = KiwiDspTest;
			productReference = 8F68F6D71C60ED4600549A21 /* KiwiDspTest */;
			productType = "com.apple.product-type.tool";
		};
/* End PBXNativeTarget section */

/* Begin PBXProject section */
		8F68F6CF1C60ED4600549A21 /* Project object */ = {
			isa = PBXProject;
			attributes = {
				LastUpgradeCheck = 0720;
				ORGANIZATIONNAME = CICM;
				TargetAttributes = {
					8F68F6D61C60ED4600549A21 = {
						CreatedOnToolsVersion = 7.2;
					};
				};
			};
			buildConfigurationList = 8F68F6D21C60ED4600549A21 /* Build configuration list for PBXProject "KiwiDspTest" */;
			compatibilityVersion = "Xcode 3.2";
			developmentRegion = English;
			hasScannedForEncodings = 0;
			knownRegions = (
				en,
			);
			mainGroup = 8F68F6CE1C60ED4600549A21;
			productRefGroup = 8F68F6D81C60ED4600549A21 /* Products */;
			projectDirPath = "";
			projectRoot = "";
			targets = (
				8F68F6D61C60ED4600549A21 /* KiwiDspTest */,
			);
		};
/* End PBXProject section */

/* Begin PBXSourcesBuildPhase section */
		8F68F6D31C60ED4600549A21 /* Sources */ = {
			isa = PBXSourcesBuildPhase;
			buildActionMask = 2147483647;
			files = (
				8F68F6DB1C60ED4600549A21 /* main.cpp in Sources */,
				8F68F6EB1C61F82A00549A21 /* KiwiDspSignal.cpp in Sources */,
			);
			runOnlyForDeploymentPostprocessing = 0;
		};
/* End PBXSourcesBuildPhase section */

/* Begin XCBuildConfiguration section */
		8F68F6DC1C60ED4600549A21 /* Debug */ = {
			isa = XCBuildConfiguration;
			buildSettings = {
				ALWAYS_SEARCH_USER_PATHS = NO;
				CLANG_CXX_LANGUAGE_STANDARD = "gnu++0x";
				CLANG_CXX_LIBRARY = "libc++";
				CLANG_ENABLE_MODULES = YES;
				CLANG_ENABLE_OBJC_ARC = YES;
				CLANG_WARN_BOOL_CONVERSION = YES;
				CLANG_WARN_CONSTANT_CONVERSION = YES;
				CLANG_WARN_DIRECT_OBJC_ISA_USAGE = YES_ERROR;
				CLANG_WARN_EMPTY_BODY = YES;
				CLANG_WARN_ENUM_CONVERSION = YES;
				CLANG_WARN_INT_CONVERSION = YES;
				CLANG_WARN_OBJC_ROOT_CLASS = YES_ERROR;
				CLANG_WARN_UNREACHABLE_CODE = YES;
				CLANG_WARN__DUPLICATE_METHOD_MATCH = YES;
				CODE_SIGN_IDENTITY = "-";
				COPY_PHASE_STRIP = NO;
				DEBUG_INFORMATION_FORMAT = dwarf;
				ENABLE_STRICT_OBJC_MSGSEND = YES;
				ENABLE_TESTABILITY = YES;
				GCC_C_LANGUAGE_STANDARD = gnu99;
				GCC_DYNAMIC_NO_PIC = NO;
				GCC_NO_COMMON_BLOCKS = YES;
				GCC_OPTIMIZATION_LEVEL = 0;
				GCC_PREPROCESSOR_DEFINITIONS = (
					"DEBUG=1",
					"$(inherited)",
				);
				GCC_WARN_64_TO_32_BIT_CONVERSION = YES;
				GCC_WARN_ABOUT_RETURN_TYPE = YES_ERROR;
				GCC_WARN_UNDECLARED_SELECTOR = YES;
				GCC_WARN_UNINITIALIZED_AUTOS = YES_AGGRESSIVE;
				GCC_WARN_UNUSED_FUNCTION = YES;
				GCC_WARN_UNUSED_VARIABLE = YES;
				MACOSX_DEPLOYMENT_TARGET = 10.11;
				MTL_ENABLE_DEBUG_INFO = YES;
				ONLY_ACTIVE_ARCH = YES;
				SDKROOT = macosx;
			};
			name = Debug;
		};
		8F68F6DD1C60ED4600549A21 /* Release */ = {
			isa = XCBuildConfiguration;
			buildSettings = {
				ALWAYS_SEARCH_USER_PATHS = NO;
				CLANG_CXX_LANGUAGE_STANDARD = "gnu++0x";
				CLANG_CXX_LIBRARY = "libc++";
				CLANG_ENABLE_MODULES = YES;
				CLANG_ENABLE_OBJC_ARC = YES;
				CLANG_WARN_BOOL_CONVERSION = YES;
				CLANG_WARN_CONSTANT_CONVERSION = YES;
				CLANG_WARN_DIRECT_OBJC_ISA_USAGE = YES_ERROR;
				CLANG_WARN_EMPTY_BODY = YES;
				CLANG_WARN_ENUM_CONVERSION = YES;
				CLANG_WARN_INT_CONVERSION = YES;
				CLANG_WARN_OBJC_ROOT_CLASS = YES_ERROR;
				CLANG_WARN_UNREACHABLE_CODE = YES;
				CLANG_WARN__DUPLICATE_METHOD_MATCH = YES;
				CODE_SIGN_IDENTITY = "-";
				COPY_PHASE_STRIP = NO;
				DEBUG_INFORMATION_FORMAT = "dwarf-with-dsym";
				ENABLE_NS_ASSERTIONS = NO;
				ENABLE_STRICT_OBJC_MSGSEND = YES;
				GCC_C_LANGUAGE_STANDARD = gnu99;
				GCC_NO_COMMON_BLOCKS = YES;
				GCC_WARN_64_TO_32_BIT_CONVERSION = YES;
				GCC_WARN_ABOUT_RETURN_TYPE = YES_ERROR;
				GCC_WARN_UNDECLARED_SELECTOR = YES;
				GCC_WARN_UNINITIALIZED_AUTOS = YES_AGGRESSIVE;
				GCC_WARN_UNUSED_FUNCTION = YES;
				GCC_WARN_UNUSED_VARIABLE = YES;
				MACOSX_DEPLOYMENT_TARGET = 10.11;
				MTL_ENABLE_DEBUG_INFO = NO;
				SDKROOT = macosx;
			};
			name = Release;
		};
		8F68F6DF1C60ED4600549A21 /* Debug */ = {
			isa = XCBuildConfiguration;
			buildSettings = {
				CLANG_CXX_LANGUAGE_STANDARD = "gnu++0x";
				CLANG_CXX_LIBRARY = "libc++";
				CLANG_WARN_ASSIGN_ENUM = YES;
				CLANG_WARN_CXX0X_EXTENSIONS = YES;
				CLANG_WARN_DOCUMENTATION_COMMENTS = YES;
				CLANG_WARN_IMPLICIT_SIGN_CONVERSION = YES;
				CLANG_WARN_NULLABLE_TO_NONNULL_CONVERSION = YES;
				CLANG_WARN_SUSPICIOUS_IMPLICIT_CONVERSION = YES;
				CLANG_WARN__EXIT_TIME_DESTRUCTORS = YES;
				GCC_TREAT_IMPLICIT_FUNCTION_DECLARATIONS_AS_ERRORS = YES;
				GCC_TREAT_INCOMPATIBLE_POINTER_TYPE_WARNINGS_AS_ERRORS = YES;
				GCC_TREAT_WARNINGS_AS_ERRORS = YES;
				GCC_UNROLL_LOOPS = YES;
				GCC_WARN_ABOUT_MISSING_FIELD_INITIALIZERS = YES;
				GCC_WARN_ABOUT_MISSING_NEWLINE = YES;
				GCC_WARN_ABOUT_MISSING_PROTOTYPES = YES;
				GCC_WARN_FOUR_CHARACTER_CONSTANTS = YES;
				GCC_WARN_HIDDEN_VIRTUAL_FUNCTIONS = YES;
				GCC_WARN_INITIALIZER_NOT_FULLY_BRACKETED = YES;
				GCC_WARN_NON_VIRTUAL_DESTRUCTOR = YES;
				GCC_WARN_PEDANTIC = NO;
				GCC_WARN_SHADOW = YES;
				GCC_WARN_SIGN_COMPARE = YES;
				GCC_WARN_UNKNOWN_PRAGMAS = YES;
				GCC_WARN_UNUSED_LABEL = YES;
				GCC_WARN_UNUSED_PARAMETER = YES;
				PRODUCT_NAME = "$(TARGET_NAME)";
			};
			name = Debug;
		};
		8F68F6E01C60ED4600549A21 /* Release */ = {
			isa = XCBuildConfiguration;
			buildSettings = {
				CLANG_CXX_LANGUAGE_STANDARD = "gnu++0x";
				CLANG_CXX_LIBRARY = "libc++";
				CLANG_WARN_ASSIGN_ENUM = YES;
				CLANG_WARN_CXX0X_EXTENSIONS = YES;
				CLANG_WARN_DOCUMENTATION_COMMENTS = YES;
				CLANG_WARN_IMPLICIT_SIGN_CONVERSION = YES;
				CLANG_WARN_NULLABLE_TO_NONNULL_CONVERSION = YES;
				CLANG_WARN_SUSPICIOUS_IMPLICIT_CONVERSION = YES;
				CLANG_WARN__EXIT_TIME_DESTRUCTORS = YES;
				GCC_OPTIMIZATION_LEVEL = fast;
				GCC_TREAT_IMPLICIT_FUNCTION_DECLARATIONS_AS_ERRORS = YES;
				GCC_TREAT_INCOMPATIBLE_POINTER_TYPE_WARNINGS_AS_ERRORS = YES;
				GCC_TREAT_WARNINGS_AS_ERRORS = YES;
				GCC_UNROLL_LOOPS = YES;
				GCC_WARN_ABOUT_MISSING_FIELD_INITIALIZERS = YES;
				GCC_WARN_ABOUT_MISSING_NEWLINE = YES;
				GCC_WARN_ABOUT_MISSING_PROTOTYPES = YES;
				GCC_WARN_FOUR_CHARACTER_CONSTANTS = YES;
				GCC_WARN_HIDDEN_VIRTUAL_FUNCTIONS = YES;
				GCC_WARN_INITIALIZER_NOT_FULLY_BRACKETED = YES;
				GCC_WARN_NON_VIRTUAL_DESTRUCTOR = YES;
				GCC_WARN_PEDANTIC = NO;
				GCC_WARN_SHADOW = YES;
				GCC_WARN_SIGN_COMPARE = YES;
				GCC_WARN_UNKNOWN_PRAGMAS = YES;
				GCC_WARN_UNUSED_LABEL = YES;
				GCC_WARN_UNUSED_PARAMETER = YES;
				PRODUCT_NAME = "$(TARGET_NAME)";
			};
			name = Release;
		};
/* End XCBuildConfiguration section */

/* Begin XCConfigurationList section */
		8F68F6D21C60ED4600549A21 /* Build configuration list for PBXProject "KiwiDspTest" */ = {
			isa = XCConfigurationList;
			buildConfigurations = (
				8F68F6DC1C60ED4600549A21 /* Debug */,
				8F68F6DD1C60ED4600549A21 /* Release */,
			);
			defaultConfigurationIsVisible = 0;
			defaultConfigurationName = Release;
		};
		8F68F6DE1C60ED4600549A21 /* Build configuration list for PBXNativeTarget "KiwiDspTest" */ = {
			isa = XCConfigurationList;
			buildConfigurations = (
				8F68F6DF1C60ED4600549A21 /* Debug */,
				8F68F6E01C60ED4600549A21 /* Release */,
			);
			defaultConfigurationIsVisible = 0;
			defaultConfigurationName = Release;
		};
/* End XCConfigurationList section */
	};
	rootObject = 8F68F6CF1C60ED4600549A21 /* Project object */;
}
