// !$*UTF8*$!
{
	archiveVersion = 1;
	classes = {
	};
	objectVersion = 46;
	objects = {

/* Begin PBXBuildFile section */
		0FD4E20C1C6804AC002F06A9 /* KiwiDsp.hpp in Headers */ = {isa = PBXBuildFile; fileRef = 0FD4E20B1C6804AC002F06A9 /* KiwiDsp.hpp */; };
		0FD4E20E1C6804AC002F06A9 /* KiwiDspPriv.hpp in Headers */ = {isa = PBXBuildFile; fileRef = 0FD4E20D1C6804AC002F06A9 /* KiwiDspPriv.hpp */; };
		0FD4E2101C6804AC002F06A9 /* KiwiDsp.cpp in Sources */ = {isa = PBXBuildFile; fileRef = 0FD4E20F1C6804AC002F06A9 /* KiwiDsp.cpp */; };
/* End PBXBuildFile section */

/* Begin PBXFileReference section */
		0FD4E2081C6804AC002F06A9 /* libKiwiDsp.a */ = {isa = PBXFileReference; explicitFileType = archive.ar; includeInIndex = 0; path = libKiwiDsp.a; sourceTree = BUILT_PRODUCTS_DIR; };
		0FD4E20B1C6804AC002F06A9 /* KiwiDsp.hpp */ = {isa = PBXFileReference; lastKnownFileType = sourcecode.cpp.h; path = KiwiDsp.hpp; sourceTree = "<group>"; };
		0FD4E20D1C6804AC002F06A9 /* KiwiDspPriv.hpp */ = {isa = PBXFileReference; lastKnownFileType = sourcecode.cpp.h; path = KiwiDspPriv.hpp; sourceTree = "<group>"; };
		0FD4E20F1C6804AC002F06A9 /* KiwiDsp.cpp */ = {isa = PBXFileReference; lastKnownFileType = sourcecode.cpp.cpp; path = KiwiDsp.cpp; sourceTree = "<group>"; };
/* End PBXFileReference section */

/* Begin PBXFrameworksBuildPhase section */
		0FD4E2051C6804AC002F06A9 /* Frameworks */ = {
			isa = PBXFrameworksBuildPhase;
			buildActionMask = 2147483647;
			files = (
			);
			runOnlyForDeploymentPostprocessing = 0;
		};
/* End PBXFrameworksBuildPhase section */

/* Begin PBXGroup section */
		0FD4E1FF1C6804AC002F06A9 = {
			isa = PBXGroup;
			children = (
				0FD4E20A1C6804AC002F06A9 /* KiwiDsp */,
				0FD4E2091C6804AC002F06A9 /* Products */,
			);
			sourceTree = "<group>";
		};
		0FD4E2091C6804AC002F06A9 /* Products */ = {
			isa = PBXGroup;
			children = (
				0FD4E2081C6804AC002F06A9 /* libKiwiDsp.a */,
			);
			name = Products;
			sourceTree = "<group>";
		};
		0FD4E20A1C6804AC002F06A9 /* KiwiDsp */ = {
			isa = PBXGroup;
			children = (
				0FD4E20B1C6804AC002F06A9 /* KiwiDsp.hpp */,
				0FD4E20D1C6804AC002F06A9 /* KiwiDspPriv.hpp */,
				0FD4E20F1C6804AC002F06A9 /* KiwiDsp.cpp */,
			);
			path = KiwiDsp;
			sourceTree = "<group>";
		};
/* End PBXGroup section */

/* Begin PBXHeadersBuildPhase section */
		0FD4E2061C6804AC002F06A9 /* Headers */ = {
			isa = PBXHeadersBuildPhase;
			buildActionMask = 2147483647;
			files = (
				0FD4E20C1C6804AC002F06A9 /* KiwiDsp.hpp in Headers */,
				0FD4E20E1C6804AC002F06A9 /* KiwiDspPriv.hpp in Headers */,
			);
			runOnlyForDeploymentPostprocessing = 0;
		};
/* End PBXHeadersBuildPhase section */

/* Begin PBXNativeTarget section */
		0FD4E2071C6804AC002F06A9 /* KiwiDsp */ = {
			isa = PBXNativeTarget;
			buildConfigurationList = 0FD4E2131C6804AC002F06A9 /* Build configuration list for PBXNativeTarget "KiwiDsp" */;
			buildPhases = (
				0FD4E2041C6804AC002F06A9 /* Sources */,
				0FD4E2051C6804AC002F06A9 /* Frameworks */,
				0FD4E2061C6804AC002F06A9 /* Headers */,
			);
			buildRules = (
			);
			dependencies = (
			);
			name = KiwiDsp;
			productName = KiwiDsp;
			productReference = 0FD4E2081C6804AC002F06A9 /* libKiwiDsp.a */;
			productType = "com.apple.product-type.library.static";
		};
/* End PBXNativeTarget section */

/* Begin PBXProject section */
		0FD4E2001C6804AC002F06A9 /* Project object */ = {
			isa = PBXProject;
			attributes = {
				LastUpgradeCheck = 0720;
				ORGANIZATIONNAME = MUSICOLL;
				TargetAttributes = {
					0FD4E2071C6804AC002F06A9 = {
						CreatedOnToolsVersion = 7.2.1;
					};
				};
			};
			buildConfigurationList = 0FD4E2031C6804AC002F06A9 /* Build configuration list for PBXProject "KiwiDsp" */;
			compatibilityVersion = "Xcode 3.2";
			developmentRegion = English;
			hasScannedForEncodings = 0;
			knownRegions = (
				en,
			);
			mainGroup = 0FD4E1FF1C6804AC002F06A9;
			productRefGroup = 0FD4E2091C6804AC002F06A9 /* Products */;
			projectDirPath = "";
			projectRoot = "";
			targets = (
				0FD4E2071C6804AC002F06A9 /* KiwiDsp */,
			);
		};
/* End PBXProject section */

/* Begin PBXSourcesBuildPhase section */
		0FD4E2041C6804AC002F06A9 /* Sources */ = {
			isa = PBXSourcesBuildPhase;
			buildActionMask = 2147483647;
			files = (
				0FD4E2101C6804AC002F06A9 /* KiwiDsp.cpp in Sources */,
			);
			runOnlyForDeploymentPostprocessing = 0;
		};
/* End PBXSourcesBuildPhase section */

/* Begin XCBuildConfiguration section */
		0FD4E2111C6804AC002F06A9 /* Debug */ = {
			isa = XCBuildConfiguration;
			buildSettings = {
				ALWAYS_SEARCH_USER_PATHS = NO;
				CLANG_CXX_LANGUAGE_STANDARD = "gnu++0x";
				CLANG_CXX_LIBRARY = "libc++";
				CLANG_ENABLE_MODULES = YES;
				CLANG_ENABLE_OBJC_ARC = YES;
				CLANG_WARN_BOOL_CONVERSION = YES;
				CLANG_WARN_CONSTANT_CONVERSION = YES;
				CLANG_WARN_DIRECT_OBJC_ISA_USAGE = YES_ERROR;
				CLANG_WARN_EMPTY_BODY = YES;
				CLANG_WARN_ENUM_CONVERSION = YES;
				CLANG_WARN_INT_CONVERSION = YES;
				CLANG_WARN_OBJC_ROOT_CLASS = YES_ERROR;
				CLANG_WARN_UNREACHABLE_CODE = YES;
				CLANG_WARN__DUPLICATE_METHOD_MATCH = YES;
				CODE_SIGN_IDENTITY = "-";
				COPY_PHASE_STRIP = NO;
				DEBUG_INFORMATION_FORMAT = dwarf;
				ENABLE_STRICT_OBJC_MSGSEND = YES;
				ENABLE_TESTABILITY = YES;
				GCC_C_LANGUAGE_STANDARD = gnu99;
				GCC_DYNAMIC_NO_PIC = NO;
				GCC_NO_COMMON_BLOCKS = YES;
				GCC_OPTIMIZATION_LEVEL = 0;
				GCC_PREPROCESSOR_DEFINITIONS = (
					"DEBUG=1",
					"$(inherited)",
				);
				GCC_WARN_64_TO_32_BIT_CONVERSION = YES;
				GCC_WARN_ABOUT_RETURN_TYPE = YES_ERROR;
				GCC_WARN_UNDECLARED_SELECTOR = YES;
				GCC_WARN_UNINITIALIZED_AUTOS = YES_AGGRESSIVE;
				GCC_WARN_UNUSED_FUNCTION = YES;
				GCC_WARN_UNUSED_VARIABLE = YES;
				MACOSX_DEPLOYMENT_TARGET = 10.10;
				MTL_ENABLE_DEBUG_INFO = YES;
				ONLY_ACTIVE_ARCH = YES;
				SDKROOT = macosx;
			};
			name = Debug;
		};
		0FD4E2121C6804AC002F06A9 /* Release */ = {
			isa = XCBuildConfiguration;
			buildSettings = {
				ALWAYS_SEARCH_USER_PATHS = NO;
				CLANG_CXX_LANGUAGE_STANDARD = "gnu++0x";
				CLANG_CXX_LIBRARY = "libc++";
				CLANG_ENABLE_MODULES = YES;
				CLANG_ENABLE_OBJC_ARC = YES;
				CLANG_WARN_BOOL_CONVERSION = YES;
				CLANG_WARN_CONSTANT_CONVERSION = YES;
				CLANG_WARN_DIRECT_OBJC_ISA_USAGE = YES_ERROR;
				CLANG_WARN_EMPTY_BODY = YES;
				CLANG_WARN_ENUM_CONVERSION = YES;
				CLANG_WARN_INT_CONVERSION = YES;
				CLANG_WARN_OBJC_ROOT_CLASS = YES_ERROR;
				CLANG_WARN_UNREACHABLE_CODE = YES;
				CLANG_WARN__DUPLICATE_METHOD_MATCH = YES;
				CODE_SIGN_IDENTITY = "-";
				COPY_PHASE_STRIP = NO;
				DEBUG_INFORMATION_FORMAT = "dwarf-with-dsym";
				ENABLE_NS_ASSERTIONS = NO;
				ENABLE_STRICT_OBJC_MSGSEND = YES;
				GCC_C_LANGUAGE_STANDARD = gnu99;
				GCC_NO_COMMON_BLOCKS = YES;
				GCC_WARN_64_TO_32_BIT_CONVERSION = YES;
				GCC_WARN_ABOUT_RETURN_TYPE = YES_ERROR;
				GCC_WARN_UNDECLARED_SELECTOR = YES;
				GCC_WARN_UNINITIALIZED_AUTOS = YES_AGGRESSIVE;
				GCC_WARN_UNUSED_FUNCTION = YES;
				GCC_WARN_UNUSED_VARIABLE = YES;
				MACOSX_DEPLOYMENT_TARGET = 10.10;
				MTL_ENABLE_DEBUG_INFO = NO;
				SDKROOT = macosx;
			};
			name = Release;
		};
		0FD4E2141C6804AC002F06A9 /* Debug */ = {
			isa = XCBuildConfiguration;
			buildSettings = {
				EXECUTABLE_PREFIX = lib;
				GCC_ENABLE_CPP_EXCEPTIONS = YES;
				GCC_ENABLE_CPP_RTTI = YES;
				PRODUCT_NAME = "$(TARGET_NAME)";
			};
			name = Debug;
		};
		0FD4E2151C6804AC002F06A9 /* Release */ = {
			isa = XCBuildConfiguration;
			buildSettings = {
				EXECUTABLE_PREFIX = lib;
				GCC_ENABLE_CPP_EXCEPTIONS = YES;
				GCC_ENABLE_CPP_RTTI = YES;
				PRODUCT_NAME = "$(TARGET_NAME)";
			};
			name = Release;
		};
/* End XCBuildConfiguration section */

/* Begin XCConfigurationList section */
		0FD4E2031C6804AC002F06A9 /* Build configuration list for PBXProject "KiwiDsp" */ = {
			isa = XCConfigurationList;
			buildConfigurations = (
				0FD4E2111C6804AC002F06A9 /* Debug */,
				0FD4E2121C6804AC002F06A9 /* Release */,
			);
			defaultConfigurationIsVisible = 0;
			defaultConfigurationName = Release;
		};
		0FD4E2131C6804AC002F06A9 /* Build configuration list for PBXNativeTarget "KiwiDsp" */ = {
			isa = XCConfigurationList;
			buildConfigurations = (
				0FD4E2141C6804AC002F06A9 /* Debug */,
				0FD4E2151C6804AC002F06A9 /* Release */,
			);
			defaultConfigurationIsVisible = 0;
		};
/* End XCConfigurationList section */
	};
	rootObject = 0FD4E2001C6804AC002F06A9 /* Project object */;
}
