// !$*UTF8*$!
{
	archiveVersion = 1;
	classes = {
	};
	objectVersion = 46;
	objects = {

/* Begin PBXBuildFile section */
		2CBC8AF51C74B9AA00155993 /* KiwiTag.cpp in Sources */ = {isa = PBXBuildFile; fileRef = 2CC9DA221C66811B00B1F821 /* KiwiTag.cpp */; };
		2CBC8AFA1C775B7600155993 /* test_KiwiSymbol.cpp in Sources */ = {isa = PBXBuildFile; fileRef = 2CBC8AF91C775B7600155993 /* test_KiwiSymbol.cpp */; };
		2CBC8AFC1C775CB400155993 /* test_KiwiAtom.cpp in Sources */ = {isa = PBXBuildFile; fileRef = 2CBC8AFB1C775CB400155993 /* test_KiwiAtom.cpp */; };
		2CC9D9B41C6680F200B1F821 /* test_KiwiCore.cpp in Sources */ = {isa = PBXBuildFile; fileRef = 2CC9D9B31C6680F200B1F821 /* test_KiwiCore.cpp */; };
		2CC9DA251C66811B00B1F821 /* KiwiAtom.cpp in Sources */ = {isa = PBXBuildFile; fileRef = 2CC9DA1C1C66811B00B1F821 /* KiwiAtom.cpp */; };
/* End PBXBuildFile section */

/* Begin PBXCopyFilesBuildPhase section */
		2CC9D99D1C66808E00B1F821 /* CopyFiles */ = {
			isa = PBXCopyFilesBuildPhase;
			buildActionMask = 2147483647;
			dstPath = /usr/share/man/man1/;
			dstSubfolderSpec = 0;
			files = (
			);
			runOnlyForDeploymentPostprocessing = 1;
		};
/* End PBXCopyFilesBuildPhase section */

/* Begin PBXFileReference section */
		2CBC8AF71C775A9500155993 /* KiwiBenchmark.hpp */ = {isa = PBXFileReference; lastKnownFileType = sourcecode.cpp.h; name = KiwiBenchmark.hpp; path = ../../KiwiBenchmark.hpp; sourceTree = "<group>"; };
		2CBC8AF91C775B7600155993 /* test_KiwiSymbol.cpp */ = {isa = PBXFileReference; fileEncoding = 4; lastKnownFileType = sourcecode.cpp.cpp; path = test_KiwiSymbol.cpp; sourceTree = "<group>"; };
		2CBC8AFB1C775CB400155993 /* test_KiwiAtom.cpp */ = {isa = PBXFileReference; fileEncoding = 4; lastKnownFileType = sourcecode.cpp.cpp; path = test_KiwiAtom.cpp; sourceTree = "<group>"; };
		2CC9D99F1C66808E00B1F821 /* test_KiwiCore */ = {isa = PBXFileReference; explicitFileType = "compiled.mach-o.executable"; includeInIndex = 0; path = test_KiwiCore; sourceTree = BUILT_PRODUCTS_DIR; };
		2CC9D9B31C6680F200B1F821 /* test_KiwiCore.cpp */ = {isa = PBXFileReference; fileEncoding = 4; lastKnownFileType = sourcecode.cpp.cpp; lineEnding = 0; path = test_KiwiCore.cpp; sourceTree = "<group>"; xcLanguageSpecificationIdentifier = xcode.lang.cpp; };
		2CC9DA1C1C66811B00B1F821 /* KiwiAtom.cpp */ = {isa = PBXFileReference; fileEncoding = 4; lastKnownFileType = sourcecode.cpp.cpp; lineEnding = 0; path = KiwiAtom.cpp; sourceTree = "<group>"; };
		2CC9DA1D1C66811B00B1F821 /* KiwiAtom.h */ = {isa = PBXFileReference; fileEncoding = 4; lastKnownFileType = sourcecode.c.h; lineEnding = 2; path = KiwiAtom.h; sourceTree = "<group>"; xcLanguageSpecificationIdentifier = xcode.lang.objcpp; };
		2CC9DA201C66811B00B1F821 /* KiwiCore.h */ = {isa = PBXFileReference; fileEncoding = 4; lastKnownFileType = sourcecode.c.h; path = KiwiCore.h; sourceTree = "<group>"; };
		2CC9DA211C66811B00B1F821 /* KiwiListenerSet.h */ = {isa = PBXFileReference; fileEncoding = 4; lastKnownFileType = sourcecode.c.h; path = KiwiListenerSet.h; sourceTree = "<group>"; };
		2CC9DA221C66811B00B1F821 /* KiwiTag.cpp */ = {isa = PBXFileReference; fileEncoding = 4; lastKnownFileType = sourcecode.cpp.cpp; path = KiwiTag.cpp; sourceTree = "<group>"; };
		2CC9DA231C66811B00B1F821 /* KiwiTag.h */ = {isa = PBXFileReference; fileEncoding = 4; lastKnownFileType = sourcecode.c.h; path = KiwiTag.h; sourceTree = "<group>"; };
		2CC9DA241C66811B00B1F821 /* KiwiTools.h */ = {isa = PBXFileReference; fileEncoding = 4; lastKnownFileType = sourcecode.c.h; lineEnding = 0; path = KiwiTools.h; sourceTree = "<group>"; xcLanguageSpecificationIdentifier = xcode.lang.objcpp; };
/* End PBXFileReference section */

/* Begin PBXFrameworksBuildPhase section */
		2CC9D99C1C66808E00B1F821 /* Frameworks */ = {
			isa = PBXFrameworksBuildPhase;
			buildActionMask = 2147483647;
			files = (
			);
			runOnlyForDeploymentPostprocessing = 0;
		};
/* End PBXFrameworksBuildPhase section */

/* Begin PBXGroup section */
		2CC9D9961C66808E00B1F821 = {
			isa = PBXGroup;
			children = (
				2CBC8AF71C775A9500155993 /* KiwiBenchmark.hpp */,
				2CBC8AFB1C775CB400155993 /* test_KiwiAtom.cpp */,
				2CBC8AF91C775B7600155993 /* test_KiwiSymbol.cpp */,
				2CC9D9B31C6680F200B1F821 /* test_KiwiCore.cpp */,
				2CC9DA1B1C66811B00B1F821 /* KiwiCore */,
				2CC9D9A01C66808E00B1F821 /* Products */,
			);
			sourceTree = "<group>";
		};
		2CC9D9A01C66808E00B1F821 /* Products */ = {
			isa = PBXGroup;
			children = (
				2CC9D99F1C66808E00B1F821 /* test_KiwiCore */,
			);
			name = Products;
			sourceTree = "<group>";
		};
		2CC9DA1B1C66811B00B1F821 /* KiwiCore */ = {
			isa = PBXGroup;
			children = (
				2CC9DA201C66811B00B1F821 /* KiwiCore.h */,
				2CC9DA241C66811B00B1F821 /* KiwiTools.h */,
				2CC9DA221C66811B00B1F821 /* KiwiTag.cpp */,
				2CC9DA231C66811B00B1F821 /* KiwiTag.h */,
				2CC9DA1C1C66811B00B1F821 /* KiwiAtom.cpp */,
				2CC9DA1D1C66811B00B1F821 /* KiwiAtom.h */,
				2CC9DA211C66811B00B1F821 /* KiwiListenerSet.h */,
			);
			name = KiwiCore;
			path = ../../../Modules/KiwiCore;
			sourceTree = "<group>";
		};
/* End PBXGroup section */

/* Begin PBXNativeTarget section */
		2CC9D99E1C66808E00B1F821 /* test_KiwiCore */ = {
			isa = PBXNativeTarget;
			buildConfigurationList = 2CC9D9A61C66808E00B1F821 /* Build configuration list for PBXNativeTarget "test_KiwiCore" */;
			buildPhases = (
				2CC9D99B1C66808E00B1F821 /* Sources */,
				2CC9D99C1C66808E00B1F821 /* Frameworks */,
				2CC9D99D1C66808E00B1F821 /* CopyFiles */,
			);
			buildRules = (
			);
			dependencies = (
			);
			name = test_KiwiCore;
			productName = test_KiwiCore;
			productReference = 2CC9D99F1C66808E00B1F821 /* test_KiwiCore */;
			productType = "com.apple.product-type.tool";
		};
/* End PBXNativeTarget section */

/* Begin PBXProject section */
		2CC9D9971C66808E00B1F821 /* Project object */ = {
			isa = PBXProject;
			attributes = {
				LastUpgradeCheck = 0720;
				ORGANIZATIONNAME = cicm;
				TargetAttributes = {
					2CC9D99E1C66808E00B1F821 = {
						CreatedOnToolsVersion = 7.2;
					};
				};
			};
			buildConfigurationList = 2CC9D99A1C66808E00B1F821 /* Build configuration list for PBXProject "test_KiwiCore" */;
			compatibilityVersion = "Xcode 3.2";
			developmentRegion = English;
			hasScannedForEncodings = 0;
			knownRegions = (
				en,
			);
			mainGroup = 2CC9D9961C66808E00B1F821;
			productRefGroup = 2CC9D9A01C66808E00B1F821 /* Products */;
			projectDirPath = "";
			projectRoot = "";
			targets = (
				2CC9D99E1C66808E00B1F821 /* test_KiwiCore */,
			);
		};
/* End PBXProject section */

/* Begin PBXSourcesBuildPhase section */
		2CC9D99B1C66808E00B1F821 /* Sources */ = {
			isa = PBXSourcesBuildPhase;
			buildActionMask = 2147483647;
			files = (
				2CC9D9B41C6680F200B1F821 /* test_KiwiCore.cpp in Sources */,
				2CBC8AFA1C775B7600155993 /* test_KiwiSymbol.cpp in Sources */,
				2CC9DA251C66811B00B1F821 /* KiwiAtom.cpp in Sources */,
				2CBC8AFC1C775CB400155993 /* test_KiwiAtom.cpp in Sources */,
				2CBC8AF51C74B9AA00155993 /* KiwiTag.cpp in Sources */,
			);
			runOnlyForDeploymentPostprocessing = 0;
		};
/* End PBXSourcesBuildPhase section */

/* Begin XCBuildConfiguration section */
		2CC9D9A41C66808E00B1F821 /* Debug */ = {
			isa = XCBuildConfiguration;
			buildSettings = {
				ALWAYS_SEARCH_USER_PATHS = NO;
				CLANG_CXX_LANGUAGE_STANDARD = "c++0x";
				CLANG_CXX_LIBRARY = "libc++";
				CLANG_ENABLE_MODULES = YES;
				CLANG_ENABLE_OBJC_ARC = YES;
				CLANG_WARN_ASSIGN_ENUM = YES;
				CLANG_WARN_BOOL_CONVERSION = YES;
				CLANG_WARN_CONSTANT_CONVERSION = YES;
				CLANG_WARN_DIRECT_OBJC_ISA_USAGE = YES_ERROR;
				CLANG_WARN_DOCUMENTATION_COMMENTS = NO;
				CLANG_WARN_EMPTY_BODY = YES;
				CLANG_WARN_ENUM_CONVERSION = YES;
				CLANG_WARN_IMPLICIT_SIGN_CONVERSION = YES;
				CLANG_WARN_INT_CONVERSION = YES;
				CLANG_WARN_NULLABLE_TO_NONNULL_CONVERSION = YES;
				CLANG_WARN_OBJC_ROOT_CLASS = YES_ERROR;
				CLANG_WARN_SUSPICIOUS_IMPLICIT_CONVERSION = YES;
				CLANG_WARN_UNREACHABLE_CODE = YES;
				CLANG_WARN__DUPLICATE_METHOD_MATCH = YES;
				CODE_SIGN_IDENTITY = "-";
				COPY_PHASE_STRIP = NO;
				DEBUG_INFORMATION_FORMAT = dwarf;
				ENABLE_STRICT_OBJC_MSGSEND = YES;
				ENABLE_TESTABILITY = YES;
				GCC_C_LANGUAGE_STANDARD = gnu99;
				GCC_DYNAMIC_NO_PIC = NO;
				GCC_NO_COMMON_BLOCKS = YES;
				GCC_OPTIMIZATION_LEVEL = 0;
				GCC_PREPROCESSOR_DEFINITIONS = (
					"DEBUG=1",
					"$(inherited)",
				);
				GCC_TREAT_IMPLICIT_FUNCTION_DECLARATIONS_AS_ERRORS = YES;
				GCC_TREAT_INCOMPATIBLE_POINTER_TYPE_WARNINGS_AS_ERRORS = YES;
				GCC_TREAT_WARNINGS_AS_ERRORS = NO;
				GCC_WARN_64_TO_32_BIT_CONVERSION = YES;
				GCC_WARN_ABOUT_MISSING_FIELD_INITIALIZERS = YES;
				GCC_WARN_ABOUT_MISSING_NEWLINE = YES;
				GCC_WARN_ABOUT_MISSING_PROTOTYPES = YES;
				GCC_WARN_ABOUT_RETURN_TYPE = YES_ERROR;
				GCC_WARN_FOUR_CHARACTER_CONSTANTS = YES;
				GCC_WARN_INITIALIZER_NOT_FULLY_BRACKETED = YES;
				GCC_WARN_SHADOW = YES;
				GCC_WARN_SIGN_COMPARE = YES;
				GCC_WARN_UNDECLARED_SELECTOR = YES;
				GCC_WARN_UNINITIALIZED_AUTOS = YES_AGGRESSIVE;
				GCC_WARN_UNKNOWN_PRAGMAS = YES;
				GCC_WARN_UNUSED_FUNCTION = YES;
				GCC_WARN_UNUSED_LABEL = YES;
				GCC_WARN_UNUSED_PARAMETER = YES;
				GCC_WARN_UNUSED_VARIABLE = YES;
				MACOSX_DEPLOYMENT_TARGET = 10.11;
				MTL_ENABLE_DEBUG_INFO = YES;
				ONLY_ACTIVE_ARCH = YES;
				SDKROOT = macosx;
			};
			name = Debug;
		};
		2CC9D9A51C66808E00B1F821 /* Release */ = {
			isa = XCBuildConfiguration;
			buildSettings = {
				ALWAYS_SEARCH_USER_PATHS = NO;
				CLANG_CXX_LANGUAGE_STANDARD = "c++0x";
				CLANG_CXX_LIBRARY = "libc++";
				CLANG_ENABLE_MODULES = YES;
				CLANG_ENABLE_OBJC_ARC = YES;
				CLANG_WARN_ASSIGN_ENUM = YES;
				CLANG_WARN_BOOL_CONVERSION = YES;
				CLANG_WARN_CONSTANT_CONVERSION = YES;
				CLANG_WARN_DIRECT_OBJC_ISA_USAGE = YES_ERROR;
				CLANG_WARN_DOCUMENTATION_COMMENTS = NO;
				CLANG_WARN_EMPTY_BODY = YES;
				CLANG_WARN_ENUM_CONVERSION = YES;
				CLANG_WARN_IMPLICIT_SIGN_CONVERSION = YES;
				CLANG_WARN_INT_CONVERSION = YES;
				CLANG_WARN_NULLABLE_TO_NONNULL_CONVERSION = YES;
				CLANG_WARN_OBJC_ROOT_CLASS = YES_ERROR;
				CLANG_WARN_SUSPICIOUS_IMPLICIT_CONVERSION = YES;
				CLANG_WARN_UNREACHABLE_CODE = YES;
				CLANG_WARN__DUPLICATE_METHOD_MATCH = YES;
				CODE_SIGN_IDENTITY = "-";
				COPY_PHASE_STRIP = NO;
				DEBUG_INFORMATION_FORMAT = "dwarf-with-dsym";
				ENABLE_NS_ASSERTIONS = NO;
				ENABLE_STRICT_OBJC_MSGSEND = YES;
				GCC_C_LANGUAGE_STANDARD = gnu99;
				GCC_NO_COMMON_BLOCKS = YES;
				GCC_TREAT_IMPLICIT_FUNCTION_DECLARATIONS_AS_ERRORS = YES;
				GCC_TREAT_INCOMPATIBLE_POINTER_TYPE_WARNINGS_AS_ERRORS = YES;
				GCC_TREAT_WARNINGS_AS_ERRORS = NO;
				GCC_WARN_64_TO_32_BIT_CONVERSION = YES;
				GCC_WARN_ABOUT_MISSING_FIELD_INITIALIZERS = YES;
				GCC_WARN_ABOUT_MISSING_NEWLINE = YES;
				GCC_WARN_ABOUT_MISSING_PROTOTYPES = YES;
				GCC_WARN_ABOUT_RETURN_TYPE = YES_ERROR;
				GCC_WARN_FOUR_CHARACTER_CONSTANTS = YES;
				GCC_WARN_INITIALIZER_NOT_FULLY_BRACKETED = YES;
				GCC_WARN_SHADOW = YES;
				GCC_WARN_SIGN_COMPARE = YES;
				GCC_WARN_UNDECLARED_SELECTOR = YES;
				GCC_WARN_UNINITIALIZED_AUTOS = YES_AGGRESSIVE;
				GCC_WARN_UNKNOWN_PRAGMAS = YES;
				GCC_WARN_UNUSED_FUNCTION = YES;
				GCC_WARN_UNUSED_LABEL = YES;
				GCC_WARN_UNUSED_PARAMETER = YES;
				GCC_WARN_UNUSED_VARIABLE = YES;
				MACOSX_DEPLOYMENT_TARGET = 10.11;
				MTL_ENABLE_DEBUG_INFO = NO;
				SDKROOT = macosx;
			};
			name = Release;
		};
		2CC9D9A71C66808E00B1F821 /* Debug */ = {
			isa = XCBuildConfiguration;
			buildSettings = {
				PRODUCT_NAME = "$(TARGET_NAME)";
			};
			name = Debug;
		};
		2CC9D9A81C66808E00B1F821 /* Release */ = {
			isa = XCBuildConfiguration;
			buildSettings = {
				PRODUCT_NAME = "$(TARGET_NAME)";
			};
			name = Release;
		};
/* End XCBuildConfiguration section */

/* Begin XCConfigurationList section */
		2CC9D99A1C66808E00B1F821 /* Build configuration list for PBXProject "test_KiwiCore" */ = {
			isa = XCConfigurationList;
			buildConfigurations = (
				2CC9D9A41C66808E00B1F821 /* Debug */,
				2CC9D9A51C66808E00B1F821 /* Release */,
			);
			defaultConfigurationIsVisible = 0;
			defaultConfigurationName = Release;
		};
		2CC9D9A61C66808E00B1F821 /* Build configuration list for PBXNativeTarget "test_KiwiCore" */ = {
			isa = XCConfigurationList;
			buildConfigurations = (
				2CC9D9A71C66808E00B1F821 /* Debug */,
				2CC9D9A81C66808E00B1F821 /* Release */,
			);
			defaultConfigurationIsVisible = 0;
			defaultConfigurationName = Release;
		};
/* End XCConfigurationList section */
	};
	rootObject = 2CC9D9971C66808E00B1F821 /* Project object */;
}
